
Microsoft Visual Studio Solution File, Format Version 12.00
# Visual Studio 15
VisualStudioVersion = 15.0.28010.2019
MinimumVisualStudioVersion = 10.0.40219.1
Project("{FAE04EC0-301F-11D3-BF4B-00C04F79EFBC}") = "uploadtobank", "uploadtobank\uploadtobank.csproj", "{12E6603F-3B9C-40A2-8B07-B4410C3BB0AA}"
EndProject
Global
	GlobalSection(SolutionConfigurationPlatforms) = preSolution
		Debug|Any CPU = Debug|Any CPU
		Release|Any CPU = Release|Any CPU
	EndGlobalSection
	GlobalSection(ProjectConfigurationPlatforms) = postSolution
		{12E6603F-3B9C-40A2-8B07-B4410C3BB0AA}.Debug|Any CPU.ActiveCfg = Debug|Any CPU
		{12E6603F-3B9C-40A2-8B07-B4410C3BB0AA}.Debug|Any CPU.Build.0 = Debug|Any CPU
		{12E6603F-3B9C-40A2-8B07-B4410C3BB0AA}.Release|Any CPU.ActiveCfg = Release|Any CPU
		{12E6603F-3B9C-40A2-8B07-B4410C3BB0AA}.Release|Any CPU.Build.0 = Release|Any CPU
	EndGlobalSection
	GlobalSection(SolutionProperties) = preSolution
		HideSolutionNode = FALSE
	EndGlobalSection
	GlobalSection(ExtensibilityGlobals) = postSolution
		SolutionGuid = {1D0BF9BC-7188-49B3-9E43-1E0898FD705C}
	EndGlobalSection
EndGlobal
